
Microsoft Visual Studio Solution File, Format Version 12.00
# Visual Studio Version 16
VisualStudioVersion = 16.0.31605.320
MinimumVisualStudioVersion = 10.0.40219.1
Project("{F184B08F-C81C-45F6-A57F-5ABD9991F28F}") = "Flow", "Flow\Flow.vbproj", "{55BEE957-84EE-4FAD-BCA6-CAC95E5667C2}"
EndProject
Global
	GlobalSection(SolutionConfigurationPlatforms) = preSolution
		Debug|Any CPU = Debug|Any CPU
		Release|Any CPU = Release|Any CPU
	EndGlobalSection
	GlobalSection(ProjectConfigurationPlatforms) = postSolution
		{55BEE957-84EE-4FAD-BCA6-CAC95E5667C2}.Debug|Any CPU.ActiveCfg = Debug|Any CPU
		{55BEE957-84EE-4FAD-BCA6-CAC95E5667C2}.Debug|Any CPU.Build.0 = Debug|Any CPU
		{55BEE957-84EE-4FAD-BCA6-CAC95E5667C2}.Release|Any CPU.ActiveCfg = Release|Any CPU
		{55BEE957-84EE-4FAD-BCA6-CAC95E5667C2}.Release|Any CPU.Build.0 = Release|Any CPU
	EndGlobalSection
	GlobalSection(SolutionProperties) = preSolution
		HideSolutionNode = FALSE
	EndGlobalSection
	GlobalSection(ExtensibilityGlobals) = postSolution
		SolutionGuid = {9E7E9C48-7452-4316-B8B6-D578D9DD0727}
	EndGlobalSection
EndGlobal
