
Microsoft Visual Studio Solution File, Format Version 12.00
# Visual Studio Version 16
VisualStudioVersion = 16.0.31605.320
MinimumVisualStudioVersion = 10.0.40219.1
Project("{FAE04EC0-301F-11D3-BF4B-00C04F79EFBC}") = "MasterIntro", "MasterIntro\MasterIntro.csproj", "{A2422471-DBA6-4648-855B-F9D2657F1D8A}"
EndProject
Global
	GlobalSection(SolutionConfigurationPlatforms) = preSolution
		Debug|Any CPU = Debug|Any CPU
		Release|Any CPU = Release|Any CPU
	EndGlobalSection
	GlobalSection(ProjectConfigurationPlatforms) = postSolution
		{A2422471-DBA6-4648-855B-F9D2657F1D8A}.Debug|Any CPU.ActiveCfg = Debug|Any CPU
		{A2422471-DBA6-4648-855B-F9D2657F1D8A}.Debug|Any CPU.Build.0 = Debug|Any CPU
		{A2422471-DBA6-4648-855B-F9D2657F1D8A}.Release|Any CPU.ActiveCfg = Release|Any CPU
		{A2422471-DBA6-4648-855B-F9D2657F1D8A}.Release|Any CPU.Build.0 = Release|Any CPU
	EndGlobalSection
	GlobalSection(SolutionProperties) = preSolution
		HideSolutionNode = FALSE
	EndGlobalSection
	GlobalSection(ExtensibilityGlobals) = postSolution
		SolutionGuid = {1A05B855-5F9B-4BC9-8DA8-1116E5839FB4}
	EndGlobalSection
EndGlobal
