
Microsoft Visual Studio Solution File, Format Version 12.00
# Visual Studio Version 16
VisualStudioVersion = 16.0.31605.320
MinimumVisualStudioVersion = 10.0.40219.1
Project("{FAE04EC0-301F-11D3-BF4B-00C04F79EFBC}") = "Relational", "Relational\Relational.csproj", "{3BD786E1-7DAD-4456-A67C-1412F5FCE19B}"
EndProject
Global
	GlobalSection(SolutionConfigurationPlatforms) = preSolution
		Debug|Any CPU = Debug|Any CPU
		Release|Any CPU = Release|Any CPU
	EndGlobalSection
	GlobalSection(ProjectConfigurationPlatforms) = postSolution
		{3BD786E1-7DAD-4456-A67C-1412F5FCE19B}.Debug|Any CPU.ActiveCfg = Debug|Any CPU
		{3BD786E1-7DAD-4456-A67C-1412F5FCE19B}.Debug|Any CPU.Build.0 = Debug|Any CPU
		{3BD786E1-7DAD-4456-A67C-1412F5FCE19B}.Release|Any CPU.ActiveCfg = Release|Any CPU
		{3BD786E1-7DAD-4456-A67C-1412F5FCE19B}.Release|Any CPU.Build.0 = Release|Any CPU
	EndGlobalSection
	GlobalSection(SolutionProperties) = preSolution
		HideSolutionNode = FALSE
	EndGlobalSection
	GlobalSection(ExtensibilityGlobals) = postSolution
		SolutionGuid = {F84A160A-00A9-49D9-8FEB-9A3FE703AFE6}
	EndGlobalSection
EndGlobal
